
Microsoft Visual Studio Solution File, Format Version 12.00
# Visual Studio Version 17
VisualStudioVersion = 17.9.34728.123
MinimumVisualStudioVersion = 10.0.40219.1
Project("{9A19103F-16F7-4668-BE54-9A1E7A4F7556}") = "SRP", "SRP\SRP.csproj", "{C6A505DA-73CE-4989-A44B-D52AA36F8B9E}"
EndProject
Project("{FAE04EC0-301F-11D3-BF4B-00C04F79EFBC}") = "OCP", "OCP\OCP.csproj", "{6430BFD7-7DC5-4496-BE6A-B960F49EAA88}"
EndProject
Project("{FAE04EC0-301F-11D3-BF4B-00C04F79EFBC}") = "LSP", "LSP\LSP.csproj", "{29A3B7F0-CC86-4A40-998B-CD637B2D0134}"
EndProject
Global
	GlobalSection(SolutionConfigurationPlatforms) = preSolution
		Debug|Any CPU = Debug|Any CPU
		Release|Any CPU = Release|Any CPU
	EndGlobalSection
	GlobalSection(ProjectConfigurationPlatforms) = postSolution
		{C6A505DA-73CE-4989-A44B-D52AA36F8B9E}.Debug|Any CPU.ActiveCfg = Debug|Any CPU
		{C6A505DA-73CE-4989-A44B-D52AA36F8B9E}.Debug|Any CPU.Build.0 = Debug|Any CPU
		{C6A505DA-73CE-4989-A44B-D52AA36F8B9E}.Release|Any CPU.ActiveCfg = Release|Any CPU
		{C6A505DA-73CE-4989-A44B-D52AA36F8B9E}.Release|Any CPU.Build.0 = Release|Any CPU
		{6430BFD7-7DC5-4496-BE6A-B960F49EAA88}.Debug|Any CPU.ActiveCfg = Debug|Any CPU
		{6430BFD7-7DC5-4496-BE6A-B960F49EAA88}.Debug|Any CPU.Build.0 = Debug|Any CPU
		{6430BFD7-7DC5-4496-BE6A-B960F49EAA88}.Release|Any CPU.ActiveCfg = Release|Any CPU
		{6430BFD7-7DC5-4496-BE6A-B960F49EAA88}.Release|Any CPU.Build.0 = Release|Any CPU
		{29A3B7F0-CC86-4A40-998B-CD637B2D0134}.Debug|Any CPU.ActiveCfg = Debug|Any CPU
		{29A3B7F0-CC86-4A40-998B-CD637B2D0134}.Debug|Any CPU.Build.0 = Debug|Any CPU
		{29A3B7F0-CC86-4A40-998B-CD637B2D0134}.Release|Any CPU.ActiveCfg = Release|Any CPU
		{29A3B7F0-CC86-4A40-998B-CD637B2D0134}.Release|Any CPU.Build.0 = Release|Any CPU
	EndGlobalSection
	GlobalSection(SolutionProperties) = preSolution
		HideSolutionNode = FALSE
	EndGlobalSection
	GlobalSection(ExtensibilityGlobals) = postSolution
		SolutionGuid = {79C37B3C-74FD-48C4-A365-0F3C066501DE}
	EndGlobalSection
EndGlobal
